// !$*UTF8*$!
{
	archiveVersion = 1;
	classes = {
	};
	objectVersion = 56;
	objects = {

/* Begin PBXBuildFile section */
		39F0D4202C25D1F6008CA8E3 /* Interactive_Lesson_AppApp.swift in Sources */ = {isa = PBXBuildFile; fileRef = 39F0D41F2C25D1F6008CA8E3 /* Interactive_Lesson_AppApp.swift */; };
		39F0D4222C25D1F6008CA8E3 /* ContentView.swift in Sources */ = {isa = PBXBuildFile; fileRef = 39F0D4212C25D1F6008CA8E3 /* ContentView.swift */; };
		39F0D4242C25D1F8008CA8E3 /* Assets.xcassets in Resources */ = {isa = PBXBuildFile; fileRef = 39F0D4232C25D1F8008CA8E3 /* Assets.xcassets */; };
		39F0D4272C25D1F8008CA8E3 /* Preview Assets.xcassets in Resources */ = {isa = PBXBuildFile; fileRef = 39F0D4262C25D1F8008CA8E3 /* Preview Assets.xcassets */; };
		39F0D4312C25D1F8008CA8E3 /* Interactive_Lesson_AppTests.swift in Sources */ = {isa = PBXBuildFile; fileRef = 39F0D4302C25D1F8008CA8E3 /* Interactive_Lesson_AppTests.swift */; };
		39F0D43B2C25D1F8008CA8E3 /* Interactive_Lesson_AppUITests.swift in Sources */ = {isa = PBXBuildFile; fileRef = 39F0D43A2C25D1F8008CA8E3 /* Interactive_Lesson_AppUITests.swift */; };
		39F0D43D2C25D1F8008CA8E3 /* Interactive_Lesson_AppUITestsLaunchTests.swift in Sources */ = {isa = PBXBuildFile; fileRef = 39F0D43C2C25D1F8008CA8E3 /* Interactive_Lesson_AppUITestsLaunchTests.swift */; };
/* End PBXBuildFile section */

/* Begin PBXContainerItemProxy section */
		39F0D42D2C25D1F8008CA8E3 /* PBXContainerItemProxy */ = {
			isa = PBXContainerItemProxy;
			containerPortal = 39F0D4142C25D1F6008CA8E3 /* Project object */;
			proxyType = 1;
			remoteGlobalIDString = 39F0D41B2C25D1F6008CA8E3;
			remoteInfo = "Interactive Lesson App";
		};
		39F0D4372C25D1F8008CA8E3 /* PBXContainerItemProxy */ = {
			isa = PBXContainerItemProxy;
			containerPortal = 39F0D4142C25D1F6008CA8E3 /* Project object */;
			proxyType = 1;
			remoteGlobalIDString = 39F0D41B2C25D1F6008CA8E3;
			remoteInfo = "Interactive Lesson App";
		};
/* End PBXContainerItemProxy section */

/* Begin PBXFileReference section */
		39F0D41C2C25D1F6008CA8E3 /* Interactive Lesson App.app */ = {isa = PBXFileReference; explicitFileType = wrapper.application; includeInIndex = 0; path = "Interactive Lesson App.app"; sourceTree = BUILT_PRODUCTS_DIR; };
		39F0D41F2C25D1F6008CA8E3 /* Interactive_Lesson_AppApp.swift */ = {isa = PBXFileReference; lastKnownFileType = sourcecode.swift; path = Interactive_Lesson_AppApp.swift; sourceTree = "<group>"; };
		39F0D4212C25D1F6008CA8E3 /* ContentView.swift */ = {isa = PBXFileReference; lastKnownFileType = sourcecode.swift; path = ContentView.swift; sourceTree = "<group>"; };
		39F0D4232C25D1F8008CA8E3 /* Assets.xcassets */ = {isa = PBXFileReference; lastKnownFileType = folder.assetcatalog; path = Assets.xcassets; sourceTree = "<group>"; };
		39F0D4262C25D1F8008CA8E3 /* Preview Assets.xcassets */ = {isa = PBXFileReference; lastKnownFileType = folder.assetcatalog; path = "Preview Assets.xcassets"; sourceTree = "<group>"; };
		39F0D42C2C25D1F8008CA8E3 /* Interactive Lesson AppTests.xctest */ = {isa = PBXFileReference; explicitFileType = wrapper.cfbundle; includeInIndex = 0; path = "Interactive Lesson AppTests.xctest"; sourceTree = BUILT_PRODUCTS_DIR; };
		39F0D4302C25D1F8008CA8E3 /* Interactive_Lesson_AppTests.swift */ = {isa = PBXFileReference; lastKnownFileType = sourcecode.swift; path = Interactive_Lesson_AppTests.swift; sourceTree = "<group>"; };
		39F0D4362C25D1F8008CA8E3 /* Interactive Lesson AppUITests.xctest */ = {isa = PBXFileReference; explicitFileType = wrapper.cfbundle; includeInIndex = 0; path = "Interactive Lesson AppUITests.xctest"; sourceTree = BUILT_PRODUCTS_DIR; };
		39F0D43A2C25D1F8008CA8E3 /* Interactive_Lesson_AppUITests.swift */ = {isa = PBXFileReference; lastKnownFileType = sourcecode.swift; path = Interactive_Lesson_AppUITests.swift; sourceTree = "<group>"; };
		39F0D43C2C25D1F8008CA8E3 /* Interactive_Lesson_AppUITestsLaunchTests.swift */ = {isa = PBXFileReference; lastKnownFileType = sourcecode.swift; path = Interactive_Lesson_AppUITestsLaunchTests.swift; sourceTree = "<group>"; };
/* End PBXFileReference section */

/* Begin PBXFrameworksBuildPhase section */
		39F0D4192C25D1F6008CA8E3 /* Frameworks */ = {
			isa = PBXFrameworksBuildPhase;
			buildActionMask = 2147483647;
			files = (
			);
			runOnlyForDeploymentPostprocessing = 0;
		};
		39F0D4292C25D1F8008CA8E3 /* Frameworks */ = {
			isa = PBXFrameworksBuildPhase;
			buildActionMask = 2147483647;
			files = (
			);
			runOnlyForDeploymentPostprocessing = 0;
		};
		39F0D4332C25D1F8008CA8E3 /* Frameworks */ = {
			isa = PBXFrameworksBuildPhase;
			buildActionMask = 2147483647;
			files = (
			);
			runOnlyForDeploymentPostprocessing = 0;
		};
/* End PBXFrameworksBuildPhase section */

/* Begin PBXGroup section */
		39F0D4132C25D1F6008CA8E3 = {
			isa = PBXGroup;
			children = (
				39F0D41E2C25D1F6008CA8E3 /* Interactive Lesson App */,
				39F0D42F2C25D1F8008CA8E3 /* Interactive Lesson AppTests */,
				39F0D4392C25D1F8008CA8E3 /* Interactive Lesson AppUITests */,
				39F0D41D2C25D1F6008CA8E3 /* Products */,
			);
			sourceTree = "<group>";
		};
		39F0D41D2C25D1F6008CA8E3 /* Products */ = {
			isa = PBXGroup;
			children = (
				39F0D41C2C25D1F6008CA8E3 /* Interactive Lesson App.app */,
				39F0D42C2C25D1F8008CA8E3 /* Interactive Lesson AppTests.xctest */,
				39F0D4362C25D1F8008CA8E3 /* Interactive Lesson AppUITests.xctest */,
			);
			name = Products;
			sourceTree = "<group>";
		};
		39F0D41E2C25D1F6008CA8E3 /* Interactive Lesson App */ = {
			isa = PBXGroup;
			children = (
				39F0D41F2C25D1F6008CA8E3 /* Interactive_Lesson_AppApp.swift */,
				39F0D4212C25D1F6008CA8E3 /* ContentView.swift */,
				39F0D4232C25D1F8008CA8E3 /* Assets.xcassets */,
				39F0D4252C25D1F8008CA8E3 /* Preview Content */,
			);
			path = "Interactive Lesson App";
			sourceTree = "<group>";
		};
		39F0D4252C25D1F8008CA8E3 /* Preview Content */ = {
			isa = PBXGroup;
			children = (
				39F0D4262C25D1F8008CA8E3 /* Preview Assets.xcassets */,
			);
			path = "Preview Content";
			sourceTree = "<group>";
		};
		39F0D42F2C25D1F8008CA8E3 /* Interactive Lesson AppTests */ = {
			isa = PBXGroup;
			children = (
				39F0D4302C25D1F8008CA8E3 /* Interactive_Lesson_AppTests.swift */,
			);
			path = "Interactive Lesson AppTests";
			sourceTree = "<group>";
		};
		39F0D4392C25D1F8008CA8E3 /* Interactive Lesson AppUITests */ = {
			isa = PBXGroup;
			children = (
				39F0D43A2C25D1F8008CA8E3 /* Interactive_Lesson_AppUITests.swift */,
				39F0D43C2C25D1F8008CA8E3 /* Interactive_Lesson_AppUITestsLaunchTests.swift */,
			);
			path = "Interactive Lesson AppUITests";
			sourceTree = "<group>";
		};
/* End PBXGroup section */

/* Begin PBXNativeTarget section */
		39F0D41B2C25D1F6008CA8E3 /* Interactive Lesson App */ = {
			isa = PBXNativeTarget;
			buildConfigurationList = 39F0D4402C25D1F8008CA8E3 /* Build configuration list for PBXNativeTarget "Interactive Lesson App" */;
			buildPhases = (
				39F0D4182C25D1F6008CA8E3 /* Sources */,
				39F0D4192C25D1F6008CA8E3 /* Frameworks */,
				39F0D41A2C25D1F6008CA8E3 /* Resources */,
			);
			buildRules = (
			);
			dependencies = (
			);
			name = "Interactive Lesson App";
			productName = "Interactive Lesson App";
			productReference = 39F0D41C2C25D1F6008CA8E3 /* Interactive Lesson App.app */;
			productType = "com.apple.product-type.application";
		};
		39F0D42B2C25D1F8008CA8E3 /* Interactive Lesson AppTests */ = {
			isa = PBXNativeTarget;
			buildConfigurationList = 39F0D4432C25D1F8008CA8E3 /* Build configuration list for PBXNativeTarget "Interactive Lesson AppTests" */;
			buildPhases = (
				39F0D4282C25D1F8008CA8E3 /* Sources */,
				39F0D4292C25D1F8008CA8E3 /* Frameworks */,
				39F0D42A2C25D1F8008CA8E3 /* Resources */,
			);
			buildRules = (
			);
			dependencies = (
				39F0D42E2C25D1F8008CA8E3 /* PBXTargetDependency */,
			);
			name = "Interactive Lesson AppTests";
			productName = "Interactive Lesson AppTests";
			productReference = 39F0D42C2C25D1F8008CA8E3 /* Interactive Lesson AppTests.xctest */;
			productType = "com.apple.product-type.bundle.unit-test";
		};
		39F0D4352C25D1F8008CA8E3 /* Interactive Lesson AppUITests */ = {
			isa = PBXNativeTarget;
			buildConfigurationList = 39F0D4462C25D1F8008CA8E3 /* Build configuration list for PBXNativeTarget "Interactive Lesson AppUITests" */;
			buildPhases = (
				39F0D4322C25D1F8008CA8E3 /* Sources */,
				39F0D4332C25D1F8008CA8E3 /* Frameworks */,
				39F0D4342C25D1F8008CA8E3 /* Resources */,
			);
			buildRules = (
			);
			dependencies = (
				39F0D4382C25D1F8008CA8E3 /* PBXTargetDependency */,
			);
			name = "Interactive Lesson AppUITests";
			productName = "Interactive Lesson AppUITests";
			productReference = 39F0D4362C25D1F8008CA8E3 /* Interactive Lesson AppUITests.xctest */;
			productType = "com.apple.product-type.bundle.ui-testing";
		};
/* End PBXNativeTarget section */

/* Begin PBXProject section */
		39F0D4142C25D1F6008CA8E3 /* Project object */ = {
			isa = PBXProject;
			attributes = {
				BuildIndependentTargetsInParallel = 1;
				LastSwiftUpdateCheck = 1540;
				LastUpgradeCheck = 1540;
				TargetAttributes = {
					39F0D41B2C25D1F6008CA8E3 = {
						CreatedOnToolsVersion = 15.4;
					};
					39F0D42B2C25D1F8008CA8E3 = {
						CreatedOnToolsVersion = 15.4;
						TestTargetID = 39F0D41B2C25D1F6008CA8E3;
					};
					39F0D4352C25D1F8008CA8E3 = {
						CreatedOnToolsVersion = 15.4;
						TestTargetID = 39F0D41B2C25D1F6008CA8E3;
					};
				};
			};
			buildConfigurationList = 39F0D4172C25D1F6008CA8E3 /* Build configuration list for PBXProject "Interactive Lesson App" */;
			compatibilityVersion = "Xcode 14.0";
			developmentRegion = en;
			hasScannedForEncodings = 0;
			knownRegions = (
				en,
				Base,
			);
			mainGroup = 39F0D4132C25D1F6008CA8E3;
			productRefGroup = 39F0D41D2C25D1F6008CA8E3 /* Products */;
			projectDirPath = "";
			projectRoot = "";
			targets = (
				39F0D41B2C25D1F6008CA8E3 /* Interactive Lesson App */,
				39F0D42B2C25D1F8008CA8E3 /* Interactive Lesson AppTests */,
				39F0D4352C25D1F8008CA8E3 /* Interactive Lesson AppUITests */,
			);
		};
/* End PBXProject section */

/* Begin PBXResourcesBuildPhase section */
		39F0D41A2C25D1F6008CA8E3 /* Resources */ = {
			isa = PBXResourcesBuildPhase;
			buildActionMask = 2147483647;
			files = (
				39F0D4272C25D1F8008CA8E3 /* Preview Assets.xcassets in Resources */,
				39F0D4242C25D1F8008CA8E3 /* Assets.xcassets in Resources */,
			);
			runOnlyForDeploymentPostprocessing = 0;
		};
		39F0D42A2C25D1F8008CA8E3 /* Resources */ = {
			isa = PBXResourcesBuildPhase;
			buildActionMask = 2147483647;
			files = (
			);
			runOnlyForDeploymentPostprocessing = 0;
		};
		39F0D4342C25D1F8008CA8E3 /* Resources */ = {
			isa = PBXResourcesBuildPhase;
			buildActionMask = 2147483647;
			files = (
			);
			runOnlyForDeploymentPostprocessing = 0;
		};
/* End PBXResourcesBuildPhase section */

/* Begin PBXSourcesBuildPhase section */
		39F0D4182C25D1F6008CA8E3 /* Sources */ = {
			isa = PBXSourcesBuildPhase;
			buildActionMask = 2147483647;
			files = (
				39F0D4222C25D1F6008CA8E3 /* ContentView.swift in Sources */,
				39F0D4202C25D1F6008CA8E3 /* Interactive_Lesson_AppApp.swift in Sources */,
			);
			runOnlyForDeploymentPostprocessing = 0;
		};
		39F0D4282C25D1F8008CA8E3 /* Sources */ = {
			isa = PBXSourcesBuildPhase;
			buildActionMask = 2147483647;
			files = (
				39F0D4312C25D1F8008CA8E3 /* Interactive_Lesson_AppTests.swift in Sources */,
			);
			runOnlyForDeploymentPostprocessing = 0;
		};
		39F0D4322C25D1F8008CA8E3 /* Sources */ = {
			isa = PBXSourcesBuildPhase;
			buildActionMask = 2147483647;
			files = (
				39F0D43B2C25D1F8008CA8E3 /* Interactive_Lesson_AppUITests.swift in Sources */,
				39F0D43D2C25D1F8008CA8E3 /* Interactive_Lesson_AppUITestsLaunchTests.swift in Sources */,
			);
			runOnlyForDeploymentPostprocessing = 0;
		};
/* End PBXSourcesBuildPhase section */

/* Begin PBXTargetDependency section */
		39F0D42E2C25D1F8008CA8E3 /* PBXTargetDependency */ = {
			isa = PBXTargetDependency;
			target = 39F0D41B2C25D1F6008CA8E3 /* Interactive Lesson App */;
			targetProxy = 39F0D42D2C25D1F8008CA8E3 /* PBXContainerItemProxy */;
		};
		39F0D4382C25D1F8008CA8E3 /* PBXTargetDependency */ = {
			isa = PBXTargetDependency;
			target = 39F0D41B2C25D1F6008CA8E3 /* Interactive Lesson App */;
			targetProxy = 39F0D4372C25D1F8008CA8E3 /* PBXContainerItemProxy */;
		};
/* End PBXTargetDependency section */

/* Begin XCBuildConfiguration section */
		39F0D43E2C25D1F8008CA8E3 /* Debug */ = {
			isa = XCBuildConfiguration;
			buildSettings = {
				ALWAYS_SEARCH_USER_PATHS = NO;
				ASSETCATALOG_COMPILER_GENERATE_SWIFT_ASSET_SYMBOL_EXTENSIONS = YES;
				CLANG_ANALYZER_NONNULL = YES;
				CLANG_ANALYZER_NUMBER_OBJECT_CONVERSION = YES_AGGRESSIVE;
				CLANG_CXX_LANGUAGE_STANDARD = "gnu++20";
				CLANG_ENABLE_MODULES = YES;
				CLANG_ENABLE_OBJC_ARC = YES;
				CLANG_ENABLE_OBJC_WEAK = YES;
				CLANG_WARN_BLOCK_CAPTURE_AUTORELEASING = YES;
				CLANG_WARN_BOOL_CONVERSION = YES;
				CLANG_WARN_COMMA = YES;
				CLANG_WARN_CONSTANT_CONVERSION = YES;
				CLANG_WARN_DEPRECATED_OBJC_IMPLEMENTATIONS = YES;
				CLANG_WARN_DIRECT_OBJC_ISA_USAGE = YES_ERROR;
				CLANG_WARN_DOCUMENTATION_COMMENTS = YES;
				CLANG_WARN_EMPTY_BODY = YES;
				CLANG_WARN_ENUM_CONVERSION = YES;
				CLANG_WARN_INFINITE_RECURSION = YES;
				CLANG_WARN_INT_CONVERSION = YES;
				CLANG_WARN_NON_LITERAL_NULL_CONVERSION = YES;
				CLANG_WARN_OBJC_IMPLICIT_RETAIN_SELF = YES;
				CLANG_WARN_OBJC_LITERAL_CONVERSION = YES;
				CLANG_WARN_OBJC_ROOT_CLASS = YES_ERROR;
				CLANG_WARN_QUOTED_INCLUDE_IN_FRAMEWORK_HEADER = YES;
				CLANG_WARN_RANGE_LOOP_ANALYSIS = YES;
				CLANG_WARN_STRICT_PROTOTYPES = YES;
				CLANG_WARN_SUSPICIOUS_MOVE = YES;
				CLANG_WARN_UNGUARDED_AVAILABILITY = YES_AGGRESSIVE;
				CLANG_WARN_UNREACHABLE_CODE = YES;
				CLANG_WARN__DUPLICATE_METHOD_MATCH = YES;
				COPY_PHASE_STRIP = NO;
				DEBUG_INFORMATION_FORMAT = dwarf;
				ENABLE_STRICT_OBJC_MSGSEND = YES;
				ENABLE_TESTABILITY = YES;
				ENABLE_USER_SCRIPT_SANDBOXING = YES;
				GCC_C_LANGUAGE_STANDARD = gnu17;
				GCC_DYNAMIC_NO_PIC = NO;
				GCC_NO_COMMON_BLOCKS = YES;
				GCC_OPTIMIZATION_LEVEL = 0;
				GCC_PREPROCESSOR_DEFINITIONS = (
					"DEBUG=1",
					"$(inherited)",
				);
				GCC_WARN_64_TO_32_BIT_CONVERSION = YES;
				GCC_WARN_ABOUT_RETURN_TYPE = YES_ERROR;
				GCC_WARN_UNDECLARED_SELECTOR = YES;
				GCC_WARN_UNINITIALIZED_AUTOS = YES_AGGRESSIVE;
				GCC_WARN_UNUSED_FUNCTION = YES;
				GCC_WARN_UNUSED_VARIABLE = YES;
				IPHONEOS_DEPLOYMENT_TARGET = 17.5;
				LOCALIZATION_PREFERS_STRING_CATALOGS = YES;
				MTL_ENABLE_DEBUG_INFO = INCLUDE_SOURCE;
				MTL_FAST_MATH = YES;
				ONLY_ACTIVE_ARCH = YES;
				SDKROOT = iphoneos;
				SWIFT_ACTIVE_COMPILATION_CONDITIONS = "DEBUG $(inherited)";
				SWIFT_OPTIMIZATION_LEVEL = "-Onone";
			};
			name = Debug;
		};
		39F0D43F2C25D1F8008CA8E3 /* Release */ = {
			isa = XCBuildConfiguration;
			buildSettings = {
				ALWAYS_SEARCH_USER_PATHS = NO;
				ASSETCATALOG_COMPILER_GENERATE_SWIFT_ASSET_SYMBOL_EXTENSIONS = YES;
				CLANG_ANALYZER_NONNULL = YES;
				CLANG_ANALYZER_NUMBER_OBJECT_CONVERSION = YES_AGGRESSIVE;
				CLANG_CXX_LANGUAGE_STANDARD = "gnu++20";
				CLANG_ENABLE_MODULES = YES;
				CLANG_ENABLE_OBJC_ARC = YES;
				CLANG_ENABLE_OBJC_WEAK = YES;
				CLANG_WARN_BLOCK_CAPTURE_AUTORELEASING = YES;
				CLANG_WARN_BOOL_CONVERSION = YES;
				CLANG_WARN_COMMA = YES;
				CLANG_WARN_CONSTANT_CONVERSION = YES;
				CLANG_WARN_DEPRECATED_OBJC_IMPLEMENTATIONS = YES;
				CLANG_WARN_DIRECT_OBJC_ISA_USAGE = YES_ERROR;
				CLANG_WARN_DOCUMENTATION_COMMENTS = YES;
				CLANG_WARN_EMPTY_BODY = YES;
				CLANG_WARN_ENUM_CONVERSION = YES;
				CLANG_WARN_INFINITE_RECURSION = YES;
				CLANG_WARN_INT_CONVERSION = YES;
				CLANG_WARN_NON_LITERAL_NULL_CONVERSION = YES;
				CLANG_WARN_OBJC_IMPLICIT_RETAIN_SELF = YES;
				CLANG_WARN_OBJC_LITERAL_CONVERSION = YES;
				CLANG_WARN_OBJC_ROOT_CLASS = YES_ERROR;
				CLANG_WARN_QUOTED_INCLUDE_IN_FRAMEWORK_HEADER = YES;
				CLANG_WARN_RANGE_LOOP_ANALYSIS = YES;
				CLANG_WARN_STRICT_PROTOTYPES = YES;
				CLANG_WARN_SUSPICIOUS_MOVE = YES;
				CLANG_WARN_UNGUARDED_AVAILABILITY = YES_AGGRESSIVE;
				CLANG_WARN_UNREACHABLE_CODE = YES;
				CLANG_WARN__DUPLICATE_METHOD_MATCH = YES;
				COPY_PHASE_STRIP = NO;
				DEBUG_INFORMATION_FORMAT = "dwarf-with-dsym";
				ENABLE_NS_ASSERTIONS = NO;
				ENABLE_STRICT_OBJC_MSGSEND = YES;
				ENABLE_USER_SCRIPT_SANDBOXING = YES;
				GCC_C_LANGUAGE_STANDARD = gnu17;
				GCC_NO_COMMON_BLOCKS = YES;
				GCC_WARN_64_TO_32_BIT_CONVERSION = YES;
				GCC_WARN_ABOUT_RETURN_TYPE = YES_ERROR;
				GCC_WARN_UNDECLARED_SELECTOR = YES;
				GCC_WARN_UNINITIALIZED_AUTOS = YES_AGGRESSIVE;
				GCC_WARN_UNUSED_FUNCTION = YES;
				GCC_WARN_UNUSED_VARIABLE = YES;
				IPHONEOS_DEPLOYMENT_TARGET = 17.5;
				LOCALIZATION_PREFERS_STRING_CATALOGS = YES;
				MTL_ENABLE_DEBUG_INFO = NO;
				MTL_FAST_MATH = YES;
				SDKROOT = iphoneos;
				SWIFT_COMPILATION_MODE = wholemodule;
				VALIDATE_PRODUCT = YES;
			};
			name = Release;
		};
		39F0D4412C25D1F8008CA8E3 /* Debug */ = {
			isa = XCBuildConfiguration;
			buildSettings = {
				ASSETCATALOG_COMPILER_APPICON_NAME = AppIcon;
				ASSETCATALOG_COMPILER_GLOBAL_ACCENT_COLOR_NAME = AccentColor;
				CODE_SIGN_STYLE = Automatic;
				CURRENT_PROJECT_VERSION = 1;
				DEVELOPMENT_ASSET_PATHS = "\"Interactive Lesson App/Preview Content\"";
				ENABLE_PREVIEWS = YES;
				GENERATE_INFOPLIST_FILE = YES;
				INFOPLIST_KEY_UIApplicationSceneManifest_Generation = YES;
				INFOPLIST_KEY_UIApplicationSupportsIndirectInputEvents = YES;
				INFOPLIST_KEY_UILaunchScreen_Generation = YES;
				INFOPLIST_KEY_UISupportedInterfaceOrientations_iPad = "UIInterfaceOrientationPortrait UIInterfaceOrientationPortraitUpsideDown UIInterfaceOrientationLandscapeLeft UIInterfaceOrientationLandscapeRight";
				INFOPLIST_KEY_UISupportedInterfaceOrientations_iPhone = "UIInterfaceOrientationPortrait UIInterfaceOrientationLandscapeLeft UIInterfaceOrientationLandscapeRight";
				LD_RUNPATH_SEARCH_PATHS = (
					"$(inherited)",
					"@executable_path/Frameworks",
				);
				MARKETING_VERSION = 1.0;
				PRODUCT_BUNDLE_IDENTIFIER = "KWK.Interactive-Lesson-App";
				PRODUCT_NAME = "$(TARGET_NAME)";
				SWIFT_EMIT_LOC_STRINGS = YES;
				SWIFT_VERSION = 5.0;
				TARGETED_DEVICE_FAMILY = "1,2";
			};
			name = Debug;
		};
		39F0D4422C25D1F8008CA8E3 /* Release */ = {
			isa = XCBuildConfiguration;
			buildSettings = {
				ASSETCATALOG_COMPILER_APPICON_NAME = AppIcon;
				ASSETCATALOG_COMPILER_GLOBAL_ACCENT_COLOR_NAME = AccentColor;
				CODE_SIGN_STYLE = Automatic;
				CURRENT_PROJECT_VERSION = 1;
				DEVELOPMENT_ASSET_PATHS = "\"Interactive Lesson App/Preview Content\"";
				ENABLE_PREVIEWS = YES;
				GENERATE_INFOPLIST_FILE = YES;
				INFOPLIST_KEY_UIApplicationSceneManifest_Generation = YES;
				INFOPLIST_KEY_UIApplicationSupportsIndirectInputEvents = YES;
				INFOPLIST_KEY_UILaunchScreen_Generation = YES;
				INFOPLIST_KEY_UISupportedInterfaceOrientations_iPad = "UIInterfaceOrientationPortrait UIInterfaceOrientationPortraitUpsideDown UIInterfaceOrientationLandscapeLeft UIInterfaceOrientationLandscapeRight";
				INFOPLIST_KEY_UISupportedInterfaceOrientations_iPhone = "UIInterfaceOrientationPortrait UIInterfaceOrientationLandscapeLeft UIInterfaceOrientationLandscapeRight";
				LD_RUNPATH_SEARCH_PATHS = (
					"$(inherited)",
					"@executable_path/Frameworks",
				);
				MARKETING_VERSION = 1.0;
				PRODUCT_BUNDLE_IDENTIFIER = "KWK.Interactive-Lesson-App";
				PRODUCT_NAME = "$(TARGET_NAME)";
				SWIFT_EMIT_LOC_STRINGS = YES;
				SWIFT_VERSION = 5.0;
				TARGETED_DEVICE_FAMILY = "1,2";
			};
			name = Release;
		};
		39F0D4442C25D1F8008CA8E3 /* Debug */ = {
			isa = XCBuildConfiguration;
			buildSettings = {
				ALWAYS_EMBED_SWIFT_STANDARD_LIBRARIES = YES;
				BUNDLE_LOADER = "$(TEST_HOST)";
				CODE_SIGN_STYLE = Automatic;
				CURRENT_PROJECT_VERSION = 1;
				GENERATE_INFOPLIST_FILE = YES;
				IPHONEOS_DEPLOYMENT_TARGET = 17.5;
				MARKETING_VERSION = 1.0;
				PRODUCT_BUNDLE_IDENTIFIER = "KWK.Interactive-Lesson-AppTests";
				PRODUCT_NAME = "$(TARGET_NAME)";
				SWIFT_EMIT_LOC_STRINGS = NO;
				SWIFT_VERSION = 5.0;
				TARGETED_DEVICE_FAMILY = "1,2";
				TEST_HOST = "$(BUILT_PRODUCTS_DIR)/Interactive Lesson App.app/$(BUNDLE_EXECUTABLE_FOLDER_PATH)/Interactive Lesson App";
			};
			name = Debug;
		};
		39F0D4452C25D1F8008CA8E3 /* Release */ = {
			isa = XCBuildConfiguration;
			buildSettings = {
				ALWAYS_EMBED_SWIFT_STANDARD_LIBRARIES = YES;
				BUNDLE_LOADER = "$(TEST_HOST)";
				CODE_SIGN_STYLE = Automatic;
				CURRENT_PROJECT_VERSION = 1;
				GENERATE_INFOPLIST_FILE = YES;
				IPHONEOS_DEPLOYMENT_TARGET = 17.5;
				MARKETING_VERSION = 1.0;
				PRODUCT_BUNDLE_IDENTIFIER = "KWK.Interactive-Lesson-AppTests";
				PRODUCT_NAME = "$(TARGET_NAME)";
				SWIFT_EMIT_LOC_STRINGS = NO;
				SWIFT_VERSION = 5.0;
				TARGETED_DEVICE_FAMILY = "1,2";
				TEST_HOST = "$(BUILT_PRODUCTS_DIR)/Interactive Lesson App.app/$(BUNDLE_EXECUTABLE_FOLDER_PATH)/Interactive Lesson App";
			};
			name = Release;
		};
		39F0D4472C25D1F8008CA8E3 /* Debug */ = {
			isa = XCBuildConfiguration;
			buildSettings = {
				ALWAYS_EMBED_SWIFT_STANDARD_LIBRARIES = YES;
				CODE_SIGN_STYLE = Automatic;
				CURRENT_PROJECT_VERSION = 1;
				GENERATE_INFOPLIST_FILE = YES;
				MARKETING_VERSION = 1.0;
				PRODUCT_BUNDLE_IDENTIFIER = "KWK.Interactive-Lesson-AppUITests";
				PRODUCT_NAME = "$(TARGET_NAME)";
				SWIFT_EMIT_LOC_STRINGS = NO;
				SWIFT_VERSION = 5.0;
				TARGETED_DEVICE_FAMILY = "1,2";
				TEST_TARGET_NAME = "Interactive Lesson App";
			};
			name = Debug;
		};
		39F0D4482C25D1F8008CA8E3 /* Release */ = {
			isa = XCBuildConfiguration;
			buildSettings = {
				ALWAYS_EMBED_SWIFT_STANDARD_LIBRARIES = YES;
				CODE_SIGN_STYLE = Automatic;
				CURRENT_PROJECT_VERSION = 1;
				GENERATE_INFOPLIST_FILE = YES;
				MARKETING_VERSION = 1.0;
				PRODUCT_BUNDLE_IDENTIFIER = "KWK.Interactive-Lesson-AppUITests";
				PRODUCT_NAME = "$(TARGET_NAME)";
				SWIFT_EMIT_LOC_STRINGS = NO;
				SWIFT_VERSION = 5.0;
				TARGETED_DEVICE_FAMILY = "1,2";
				TEST_TARGET_NAME = "Interactive Lesson App";
			};
			name = Release;
		};
/* End XCBuildConfiguration section */

/* Begin XCConfigurationList section */
		39F0D4172C25D1F6008CA8E3 /* Build configuration list for PBXProject "Interactive Lesson App" */ = {
			isa = XCConfigurationList;
			buildConfigurations = (
				39F0D43E2C25D1F8008CA8E3 /* Debug */,
				39F0D43F2C25D1F8008CA8E3 /* Release */,
			);
			defaultConfigurationIsVisible = 0;
			defaultConfigurationName = Release;
		};
		39F0D4402C25D1F8008CA8E3 /* Build configuration list for PBXNativeTarget "Interactive Lesson App" */ = {
			isa = XCConfigurationList;
			buildConfigurations = (
				39F0D4412C25D1F8008CA8E3 /* Debug */,
				39F0D4422C25D1F8008CA8E3 /* Release */,
			);
			defaultConfigurationIsVisible = 0;
			defaultConfigurationName = Release;
		};
		39F0D4432C25D1F8008CA8E3 /* Build configuration list for PBXNativeTarget "Interactive Lesson AppTests" */ = {
			isa = XCConfigurationList;
			buildConfigurations = (
				39F0D4442C25D1F8008CA8E3 /* Debug */,
				39F0D4452C25D1F8008CA8E3 /* Release */,
			);
			defaultConfigurationIsVisible = 0;
			defaultConfigurationName = Release;
		};
		39F0D4462C25D1F8008CA8E3 /* Build configuration list for PBXNativeTarget "Interactive Lesson AppUITests" */ = {
			isa = XCConfigurationList;
			buildConfigurations = (
				39F0D4472C25D1F8008CA8E3 /* Debug */,
				39F0D4482C25D1F8008CA8E3 /* Release */,
			);
			defaultConfigurationIsVisible = 0;
			defaultConfigurationName = Release;
		};
/* End XCConfigurationList section */
	};
	rootObject = 39F0D4142C25D1F6008CA8E3 /* Project object */;
}
